
Microsoft Visual Studio Solution File, Format Version 12.00
# Visual Studio Version 17
VisualStudioVersion = 17.14.36221.1 d17.14
MinimumVisualStudioVersion = 10.0.40219.1
Project("{FAE04EC0-301F-11D3-BF4B-00C04F79EFBC}") = "Creditevaluation", "Creditevaluation\Creditevaluation.csproj", "{FA147725-1690-467B-9B84-773E172D70EA}"
EndProject
Global
	GlobalSection(SolutionConfigurationPlatforms) = preSolution
		Debug|Any CPU = Debug|Any CPU
		Release|Any CPU = Release|Any CPU
	EndGlobalSection
	GlobalSection(ProjectConfigurationPlatforms) = postSolution
		{FA147725-1690-467B-9B84-773E172D70EA}.Debug|Any CPU.ActiveCfg = Debug|Any CPU
		{FA147725-1690-467B-9B84-773E172D70EA}.Debug|Any CPU.Build.0 = Debug|Any CPU
		{FA147725-1690-467B-9B84-773E172D70EA}.Release|Any CPU.ActiveCfg = Release|Any CPU
		{FA147725-1690-467B-9B84-773E172D70EA}.Release|Any CPU.Build.0 = Release|Any CPU
	EndGlobalSection
	GlobalSection(SolutionProperties) = preSolution
		HideSolutionNode = FALSE
	EndGlobalSection
	GlobalSection(ExtensibilityGlobals) = postSolution
		SolutionGuid = {A1F039AE-1E55-4571-B3C5-3F3657FFB22B}
	EndGlobalSection
EndGlobal
